Microsoft Visual Studio Solution File, Format Version 12.00
Project("{9A19103F-16F7-4668-BE54-9A1E7A4F7556}") = "ThreadMonitor", "ThreadMonitor.csproj", "{93D16A08-57EC-4856-94BA-968350091547}"
EndProject
Global
	GlobalSection(SolutionConfigurationPlatforms) = preSolution
		Debug|Any CPU = Debug|Any CPU
		Release|Any CPU = Release|Any CPU
	EndGlobalSection
	GlobalSection(ProjectConfigurationPlatforms) = postSolution
		{93D16A08-57EC-4856-94BA-968350091547}.Debug|Any CPU.ActiveCfg = Debug|Any CPU
		{93D16A08-57EC-4856-94BA-968350091547}.Debug|Any CPU.Build.0 = Debug|Any CPU
		{93D16A08-57EC-4856-94BA-968350091547}.Release|Any CPU.ActiveCfg = Release|Any CPU
		{93D16A08-57EC-4856-94BA-968350091547}.Release|Any CPU.Build.0 = Release|Any CPU
	EndGlobalSection
	GlobalSection(SolutionProperties) = preSolution
		HideSolutionNode = FALSE
	EndGlobalSection
	GlobalSection(ExtensibilityGlobals) = postSolution
		SolutionGuid = {CB7F5AC1-1319-4B75-86F6-542FD0ADB4B6}
	EndGlobalSection
EndGlobal
